
Microsoft Visual Studio Solution File, Format Version 12.00
# Visual Studio Version 17
VisualStudioVersion = 17.7.34221.43
MinimumVisualStudioVersion = 10.0.40219.1
Project("{FAE04EC0-301F-11D3-BF4B-00C04F79EFBC}") = "InfiniteCraftAutomation", "InfiniteCraftAutomation.csproj", "{0D9EFF70-1FB7-44A5-8B00-C831E7D17612}"
EndProject
Global
	GlobalSection(SolutionConfigurationPlatforms) = preSolution
		Debug|Any CPU = Debug|Any CPU
		Release|Any CPU = Release|Any CPU
	EndGlobalSection
	GlobalSection(ProjectConfigurationPlatforms) = postSolution
		{0D9EFF70-1FB7-44A5-8B00-C831E7D17612}.Debug|Any CPU.ActiveCfg = Debug|Any CPU
		{0D9EFF70-1FB7-44A5-8B00-C831E7D17612}.Debug|Any CPU.Build.0 = Debug|Any CPU
		{0D9EFF70-1FB7-44A5-8B00-C831E7D17612}.Release|Any CPU.ActiveCfg = Release|Any CPU
		{0D9EFF70-1FB7-44A5-8B00-C831E7D17612}.Release|Any CPU.Build.0 = Release|Any CPU
	EndGlobalSection
	GlobalSection(SolutionProperties) = preSolution
		HideSolutionNode = FALSE
	EndGlobalSection
	GlobalSection(ExtensibilityGlobals) = postSolution
		SolutionGuid = {42C92132-38C2-4E6F-817E-A26DB9DB84EA}
	EndGlobalSection
EndGlobal
